// !$*UTF8*$!
{
	archiveVersion = 1;
	classes = {
	};
	objectVersion = 46;
	objects = {

/* Begin PBXBuildFile section */
		DF3D31271898D6720039EB1F /* CFNetwork.framework in Frameworks */ = {isa = PBXBuildFile; fileRef = DF3D31261898D6720039EB1F /* CFNetwork.framework */; };
		DF3D31291898D67C0039EB1F /* Security.framework in Frameworks */ = {isa = PBXBuildFile; fileRef = DF3D31281898D67C0039EB1F /* Security.framework */; };
		DF3D312B1898D6870039EB1F /* SystemConfiguration.framework in Frameworks */ = {isa = PBXBuildFile; fileRef = DF3D312A1898D6870039EB1F /* SystemConfiguration.framework */; };
		DF3D312D1898D6910039EB1F /* QuartzCore.framework in Frameworks */ = {isa = PBXBuildFile; fileRef = DF3D312C1898D6910039EB1F /* QuartzCore.framework */; };
		DF3D312F1898D6A40039EB1F /* libc++.dylib in Frameworks */ = {isa = PBXBuildFile; fileRef = DF3D312E1898D6A40039EB1F /* libc++.dylib */; };
		DFC7045A18A2584C00819CC6 /* Dropbox.framework in Frameworks */ = {isa = PBXBuildFile; fileRef = DFC7045918A2584C00819CC6 /* Dropbox.framework */; };
		DFC7046618A2590B00819CC6 /* KRCloudSync.m in Sources */ = {isa = PBXBuildFile; fileRef = DFC7045C18A2590B00819CC6 /* KRCloudSync.m */; };
		DFC7046718A2590B00819CC6 /* KRResourceComparer.m in Sources */ = {isa = PBXBuildFile; fileRef = DFC7045F18A2590B00819CC6 /* KRResourceComparer.m */; };
		DFC7046818A2590B00819CC6 /* KRResourceLoader.m in Sources */ = {isa = PBXBuildFile; fileRef = DFC7046118A2590B00819CC6 /* KRResourceLoader.m */; };
		DFC7046918A2590B00819CC6 /* KRSynchronizer.m in Sources */ = {isa = PBXBuildFile; fileRef = DFC7046318A2590B00819CC6 /* KRSynchronizer.m */; };
		DFC7046A18A2590B00819CC6 /* KRSyncItem.m in Sources */ = {isa = PBXBuildFile; fileRef = DFC7046518A2590B00819CC6 /* KRSyncItem.m */; };
		DFC7047718A2594A00819CC6 /* KRCloudService.m in Sources */ = {isa = PBXBuildFile; fileRef = DFC7046C18A2594A00819CC6 /* KRCloudService.m */; };
		DFC7047818A2594A00819CC6 /* KRDropboxService.m in Sources */ = {isa = PBXBuildFile; fileRef = DFC7046E18A2594A00819CC6 /* KRDropboxService.m */; };
		DFC7047918A2594A00819CC6 /* KRFileService.m in Sources */ = {isa = PBXBuildFile; fileRef = DFC7047018A2594A00819CC6 /* KRFileService.m */; };
		DFC7047A18A2594A00819CC6 /* KRiCloud.m in Sources */ = {isa = PBXBuildFile; fileRef = DFC7047218A2594A00819CC6 /* KRiCloud.m */; };
		DFC7047B18A2594A00819CC6 /* KRiCloudService.m in Sources */ = {isa = PBXBuildFile; fileRef = DFC7047418A2594A00819CC6 /* KRiCloudService.m */; };
		DFC7047C18A2594A00819CC6 /* KRLocalFileService.m in Sources */ = {isa = PBXBuildFile; fileRef = DFC7047618A2594A00819CC6 /* KRLocalFileService.m */; };
		DFC7048318A2596C00819CC6 /* KRCloudFactory.m in Sources */ = {isa = PBXBuildFile; fileRef = DFC7047E18A2596C00819CC6 /* KRCloudFactory.m */; };
		DFC7048418A2596C00819CC6 /* KRDropboxFactory.m in Sources */ = {isa = PBXBuildFile; fileRef = DFC7048018A2596C00819CC6 /* KRDropboxFactory.m */; };
		DFC7048518A2596C00819CC6 /* KRiCloudFactory.m in Sources */ = {isa = PBXBuildFile; fileRef = DFC7048218A2596C00819CC6 /* KRiCloudFactory.m */; };
		DFC7048818A2597E00819CC6 /* KRConflictResolver.m in Sources */ = {isa = PBXBuildFile; fileRef = DFC7048718A2597E00819CC6 /* KRConflictResolver.m */; };
		DFC7049118A259AD00819CC6 /* KRCloudPreferences.m in Sources */ = {isa = PBXBuildFile; fileRef = DFC7048A18A259AD00819CC6 /* KRCloudPreferences.m */; };
		DFC7049218A259AD00819CC6 /* KRiCloudResourceManager.m in Sources */ = {isa = PBXBuildFile; fileRef = DFC7048C18A259AD00819CC6 /* KRiCloudResourceManager.m */; };
		DFC7049318A259AD00819CC6 /* KRResourceFilter.m in Sources */ = {isa = PBXBuildFile; fileRef = DFC7048E18A259AD00819CC6 /* KRResourceFilter.m */; };
		DFC7049418A259AD00819CC6 /* KRResourceProperty.m in Sources */ = {isa = PBXBuildFile; fileRef = DFC7049018A259AD00819CC6 /* KRResourceProperty.m */; };
		DFC704B318A25B4800819CC6 /* XCTest.framework in Frameworks */ = {isa = PBXBuildFile; fileRef = DF3D313F189E220B0039EB1F /* XCTest.framework */; };
		DFC704B418A25B4800819CC6 /* Foundation.framework in Frameworks */ = {isa = PBXBuildFile; fileRef = DFFE0321162575DD0091DF16 /* Foundation.framework */; };
		DFC704B518A25B4800819CC6 /* UIKit.framework in Frameworks */ = {isa = PBXBuildFile; fileRef = DFFE0332162575DE0091DF16 /* UIKit.framework */; };
		DFC704C418A25C4400819CC6 /* CloudPreferencesTests.m in Sources */ = {isa = PBXBuildFile; fileRef = DFC7049818A25AF400819CC6 /* CloudPreferencesTests.m */; };
		DFC704C518A25C4400819CC6 /* CloudSyncTests.m in Sources */ = {isa = PBXBuildFile; fileRef = DFC7049B18A25AF400819CC6 /* CloudSyncTests.m */; };
		DFC704C618A25C4400819CC6 /* iCloudSyncTests.m in Sources */ = {isa = PBXBuildFile; fileRef = DFC7049F18A25AF400819CC6 /* iCloudSyncTests.m */; };
		DFC704C718A25C4400819CC6 /* MockCloudFactory.m in Sources */ = {isa = PBXBuildFile; fileRef = DFC704A118A25AF400819CC6 /* MockCloudFactory.m */; };
		DFC704C818A25C4400819CC6 /* MockFileService.m in Sources */ = {isa = PBXBuildFile; fileRef = DFC704A318A25AF400819CC6 /* MockFileService.m */; };
		DFC704C918A25C4400819CC6 /* MockiCloudService.m in Sources */ = {isa = PBXBuildFile; fileRef = DFC704A518A25AF400819CC6 /* MockiCloudService.m */; };
		DFC704CA18A25C4400819CC6 /* ResourceComparerTest.m in Sources */ = {isa = PBXBuildFile; fileRef = DFC704A718A25AF400819CC6 /* ResourceComparerTest.m */; };
		DFC704CB18A25C4400819CC6 /* ResourceFilterTests.m in Sources */ = {isa = PBXBuildFile; fileRef = DFC704A918A25AF400819CC6 /* ResourceFilterTests.m */; };
		DFC704CC18A25C4400819CC6 /* SynchronizerTests.m in Sources */ = {isa = PBXBuildFile; fileRef = DFC704AB18A25AF400819CC6 /* SynchronizerTests.m */; };
		DFC704CD18A25C4400819CC6 /* SyncItemTests.m in Sources */ = {isa = PBXBuildFile; fileRef = DFC704AD18A25AF400819CC6 /* SyncItemTests.m */; };
		DFC704CE18A25D6D00819CC6 /* libCloudSync.a in Frameworks */ = {isa = PBXBuildFile; fileRef = DFFE031E162575DD0091DF16 /* libCloudSync.a */; };
		DFC704CF18A25D8600819CC6 /* Dropbox.framework in Frameworks */ = {isa = PBXBuildFile; fileRef = DFC7045918A2584C00819CC6 /* Dropbox.framework */; };
		DFC704D018A25DA200819CC6 /* CFNetwork.framework in Frameworks */ = {isa = PBXBuildFile; fileRef = DF3D31261898D6720039EB1F /* CFNetwork.framework */; };
		DFC704D118A25DAF00819CC6 /* Security.framework in Frameworks */ = {isa = PBXBuildFile; fileRef = DF3D31281898D67C0039EB1F /* Security.framework */; };
		DFC704D218A25DB700819CC6 /* SystemConfiguration.framework in Frameworks */ = {isa = PBXBuildFile; fileRef = DF3D312A1898D6870039EB1F /* SystemConfiguration.framework */; };
		DFC704D318A25DBD00819CC6 /* QuartzCore.framework in Frameworks */ = {isa = PBXBuildFile; fileRef = DF3D312C1898D6910039EB1F /* QuartzCore.framework */; };
		DFC704D418A25DC400819CC6 /* libc++.dylib in Frameworks */ = {isa = PBXBuildFile; fileRef = DF3D312E1898D6A40039EB1F /* libc++.dylib */; };
		DFFE0322162575DD0091DF16 /* Foundation.framework in Frameworks */ = {isa = PBXBuildFile; fileRef = DFFE0321162575DD0091DF16 /* Foundation.framework */; };
/* End PBXBuildFile section */

/* Begin PBXContainerItemProxy section */
		DFC704BF18A25B4800819CC6 /* PBXContainerItemProxy */ = {
			isa = PBXContainerItemProxy;
			containerPortal = DFFE0315162575DD0091DF16 /* Project object */;
			proxyType = 1;
			remoteGlobalIDString = DFFE031D162575DD0091DF16;
			remoteInfo = CloudSync;
		};
/* End PBXContainerItemProxy section */

/* Begin PBXCopyFilesBuildPhase section */
		DFFE031C162575DD0091DF16 /* CopyFiles */ = {
			isa = PBXCopyFilesBuildPhase;
			buildActionMask = 2147483647;
			dstPath = "include/${PRODUCT_NAME}";
			dstSubfolderSpec = 16;
			files = (
			);
			runOnlyForDeploymentPostprocessing = 0;
		};
/* End PBXCopyFilesBuildPhase section */

/* Begin PBXFileReference section */
		DF3D31261898D6720039EB1F /* CFNetwork.framework */ = {isa = PBXFileReference; lastKnownFileType = wrapper.framework; name = CFNetwork.framework; path = System/Library/Frameworks/CFNetwork.framework; sourceTree = SDKROOT; };
		DF3D31281898D67C0039EB1F /* Security.framework */ = {isa = PBXFileReference; lastKnownFileType = wrapper.framework; name = Security.framework; path = System/Library/Frameworks/Security.framework; sourceTree = SDKROOT; };
		DF3D312A1898D6870039EB1F /* SystemConfiguration.framework */ = {isa = PBXFileReference; lastKnownFileType = wrapper.framework; name = SystemConfiguration.framework; path = System/Library/Frameworks/SystemConfiguration.framework; sourceTree = SDKROOT; };
		DF3D312C1898D6910039EB1F /* QuartzCore.framework */ = {isa = PBXFileReference; lastKnownFileType = wrapper.framework; name = QuartzCore.framework; path = System/Library/Frameworks/QuartzCore.framework; sourceTree = SDKROOT; };
		DF3D312E1898D6A40039EB1F /* libc++.dylib */ = {isa = PBXFileReference; lastKnownFileType = "compiled.mach-o.dylib"; name = "libc++.dylib"; path = "usr/lib/libc++.dylib"; sourceTree = SDKROOT; };
		DF3D313F189E220B0039EB1F /* XCTest.framework */ = {isa = PBXFileReference; lastKnownFileType = wrapper.framework; name = XCTest.framework; path = Library/Frameworks/XCTest.framework; sourceTree = DEVELOPER_DIR; };
		DF99A91016339DC900374D4E /* CoreGraphics.framework */ = {isa = PBXFileReference; lastKnownFileType = wrapper.framework; name = CoreGraphics.framework; path = System/Library/Frameworks/CoreGraphics.framework; sourceTree = SDKROOT; };
		DFC7045918A2584C00819CC6 /* Dropbox.framework */ = {isa = PBXFileReference; lastKnownFileType = wrapper.framework; name = Dropbox.framework; path = Frameworks/Dropbox.framework; sourceTree = "<group>"; };
		DFC7045B18A2590B00819CC6 /* KRCloudSync.h */ = {isa = PBXFileReference; fileEncoding = 4; lastKnownFileType = sourcecode.c.h; name = KRCloudSync.h; path = Classes/KRCloudSync.h; sourceTree = SOURCE_ROOT; };
		DFC7045C18A2590B00819CC6 /* KRCloudSync.m */ = {isa = PBXFileReference; fileEncoding = 4; lastKnownFileType = sourcecode.c.objc; name = KRCloudSync.m; path = Classes/KRCloudSync.m; sourceTree = SOURCE_ROOT; };
		DFC7045D18A2590B00819CC6 /* KRCloudSyncBlocks.h */ = {isa = PBXFileReference; fileEncoding = 4; lastKnownFileType = sourcecode.c.h; name = KRCloudSyncBlocks.h; path = Classes/KRCloudSyncBlocks.h; sourceTree = SOURCE_ROOT; };
		DFC7045E18A2590B00819CC6 /* KRResourceComparer.h */ = {isa = PBXFileReference; fileEncoding = 4; lastKnownFileType = sourcecode.c.h; name = KRResourceComparer.h; path = Classes/KRResourceComparer.h; sourceTree = SOURCE_ROOT; };
		DFC7045F18A2590B00819CC6 /* KRResourceComparer.m */ = {isa = PBXFileReference; fileEncoding = 4; lastKnownFileType = sourcecode.c.objc; name = KRResourceComparer.m; path = Classes/KRResourceComparer.m; sourceTree = SOURCE_ROOT; };
		DFC7046018A2590B00819CC6 /* KRResourceLoader.h */ = {isa = PBXFileReference; fileEncoding = 4; lastKnownFileType = sourcecode.c.h; name = KRResourceLoader.h; path = Classes/KRResourceLoader.h; sourceTree = SOURCE_ROOT; };
		DFC7046118A2590B00819CC6 /* KRResourceLoader.m */ = {isa = PBXFileReference; fileEncoding = 4; lastKnownFileType = sourcecode.c.objc; name = KRResourceLoader.m; path = Classes/KRResourceLoader.m; sourceTree = SOURCE_ROOT; };
		DFC7046218A2590B00819CC6 /* KRSynchronizer.h */ = {isa = PBXFileReference; fileEncoding = 4; lastKnownFileType = sourcecode.c.h; name = KRSynchronizer.h; path = Classes/KRSynchronizer.h; sourceTree = SOURCE_ROOT; };
		DFC7046318A2590B00819CC6 /* KRSynchronizer.m */ = {isa = PBXFileReference; fileEncoding = 4; lastKnownFileType = sourcecode.c.objc; name = KRSynchronizer.m; path = Classes/KRSynchronizer.m; sourceTree = SOURCE_ROOT; };
		DFC7046418A2590B00819CC6 /* KRSyncItem.h */ = {isa = PBXFileReference; fileEncoding = 4; lastKnownFileType = sourcecode.c.h; name = KRSyncItem.h; path = Classes/KRSyncItem.h; sourceTree = SOURCE_ROOT; };
		DFC7046518A2590B00819CC6 /* KRSyncItem.m */ = {isa = PBXFileReference; fileEncoding = 4; lastKnownFileType = sourcecode.c.objc; name = KRSyncItem.m; path = Classes/KRSyncItem.m; sourceTree = SOURCE_ROOT; };
		DFC7046B18A2594A00819CC6 /* KRCloudService.h */ = {isa = PBXFileReference; fileEncoding = 4; lastKnownFileType = sourcecode.c.h; name = KRCloudService.h; path = Classes/KRCloudService.h; sourceTree = SOURCE_ROOT; };
		DFC7046C18A2594A00819CC6 /* KRCloudService.m */ = {isa = PBXFileReference; fileEncoding = 4; lastKnownFileType = sourcecode.c.objc; name = KRCloudService.m; path = Classes/KRCloudService.m; sourceTree = SOURCE_ROOT; };
		DFC7046D18A2594A00819CC6 /* KRDropboxService.h */ = {isa = PBXFileReference; fileEncoding = 4; lastKnownFileType = sourcecode.c.h; name = KRDropboxService.h; path = Classes/KRDropboxService.h; sourceTree = SOURCE_ROOT; };
		DFC7046E18A2594A00819CC6 /* KRDropboxService.m */ = {isa = PBXFileReference; fileEncoding = 4; lastKnownFileType = sourcecode.c.objc; name = KRDropboxService.m; path = Classes/KRDropboxService.m; sourceTree = SOURCE_ROOT; };
		DFC7046F18A2594A00819CC6 /* KRFileService.h */ = {isa = PBXFileReference; fileEncoding = 4; lastKnownFileType = sourcecode.c.h; name = KRFileService.h; path = Classes/KRFileService.h; sourceTree = SOURCE_ROOT; };
		DFC7047018A2594A00819CC6 /* KRFileService.m */ = {isa = PBXFileReference; fileEncoding = 4; lastKnownFileType = sourcecode.c.objc; name = KRFileService.m; path = Classes/KRFileService.m; sourceTree = SOURCE_ROOT; };
		DFC7047118A2594A00819CC6 /* KRiCloud.h */ = {isa = PBXFileReference; fileEncoding = 4; lastKnownFileType = sourcecode.c.h; name = KRiCloud.h; path = Classes/KRiCloud.h; sourceTree = SOURCE_ROOT; };
		DFC7047218A2594A00819CC6 /* KRiCloud.m */ = {isa = PBXFileReference; fileEncoding = 4; lastKnownFileType = sourcecode.c.objc; name = KRiCloud.m; path = Classes/KRiCloud.m; sourceTree = SOURCE_ROOT; };
		DFC7047318A2594A00819CC6 /* KRiCloudService.h */ = {isa = PBXFileReference; fileEncoding = 4; lastKnownFileType = sourcecode.c.h; name = KRiCloudService.h; path = Classes/KRiCloudService.h; sourceTree = SOURCE_ROOT; };
		DFC7047418A2594A00819CC6 /* KRiCloudService.m */ = {isa = PBXFileReference; fileEncoding = 4; lastKnownFileType = sourcecode.c.objc; name = KRiCloudService.m; path = Classes/KRiCloudService.m; sourceTree = SOURCE_ROOT; };
		DFC7047518A2594A00819CC6 /* KRLocalFileService.h */ = {isa = PBXFileReference; fileEncoding = 4; lastKnownFileType = sourcecode.c.h; name = KRLocalFileService.h; path = Classes/KRLocalFileService.h; sourceTree = SOURCE_ROOT; };
		DFC7047618A2594A00819CC6 /* KRLocalFileService.m */ = {isa = PBXFileReference; fileEncoding = 4; lastKnownFileType = sourcecode.c.objc; name = KRLocalFileService.m; path = Classes/KRLocalFileService.m; sourceTree = SOURCE_ROOT; };
		DFC7047D18A2596C00819CC6 /* KRCloudFactory.h */ = {isa = PBXFileReference; fileEncoding = 4; lastKnownFileType = sourcecode.c.h; name = KRCloudFactory.h; path = Classes/KRCloudFactory.h; sourceTree = SOURCE_ROOT; };
		DFC7047E18A2596C00819CC6 /* KRCloudFactory.m */ = {isa = PBXFileReference; fileEncoding = 4; lastKnownFileType = sourcecode.c.objc; name = KRCloudFactory.m; path = Classes/KRCloudFactory.m; sourceTree = SOURCE_ROOT; };
		DFC7047F18A2596C00819CC6 /* KRDropboxFactory.h */ = {isa = PBXFileReference; fileEncoding = 4; lastKnownFileType = sourcecode.c.h; name = KRDropboxFactory.h; path = Classes/KRDropboxFactory.h; sourceTree = SOURCE_ROOT; };
		DFC7048018A2596C00819CC6 /* KRDropboxFactory.m */ = {isa = PBXFileReference; fileEncoding = 4; lastKnownFileType = sourcecode.c.objc; name = KRDropboxFactory.m; path = Classes/KRDropboxFactory.m; sourceTree = SOURCE_ROOT; };
		DFC7048118A2596C00819CC6 /* KRiCloudFactory.h */ = {isa = PBXFileReference; fileEncoding = 4; lastKnownFileType = sourcecode.c.h; name = KRiCloudFactory.h; path = Classes/KRiCloudFactory.h; sourceTree = SOURCE_ROOT; };
		DFC7048218A2596C00819CC6 /* KRiCloudFactory.m */ = {isa = PBXFileReference; fileEncoding = 4; lastKnownFileType = sourcecode.c.objc; name = KRiCloudFactory.m; path = Classes/KRiCloudFactory.m; sourceTree = SOURCE_ROOT; };
		DFC7048618A2597E00819CC6 /* KRConflictResolver.h */ = {isa = PBXFileReference; fileEncoding = 4; lastKnownFileType = sourcecode.c.h; name = KRConflictResolver.h; path = Classes/KRConflictResolver.h; sourceTree = SOURCE_ROOT; };
		DFC7048718A2597E00819CC6 /* KRConflictResolver.m */ = {isa = PBXFileReference; fileEncoding = 4; lastKnownFileType = sourcecode.c.objc; name = KRConflictResolver.m; path = Classes/KRConflictResolver.m; sourceTree = SOURCE_ROOT; };
		DFC7048918A259AD00819CC6 /* KRCloudPreferences.h */ = {isa = PBXFileReference; fileEncoding = 4; lastKnownFileType = sourcecode.c.h; name = KRCloudPreferences.h; path = Classes/KRCloudPreferences.h; sourceTree = SOURCE_ROOT; };
		DFC7048A18A259AD00819CC6 /* KRCloudPreferences.m */ = {isa = PBXFileReference; fileEncoding = 4; lastKnownFileType = sourcecode.c.objc; name = KRCloudPreferences.m; path = Classes/KRCloudPreferences.m; sourceTree = SOURCE_ROOT; };
		DFC7048B18A259AD00819CC6 /* KRiCloudResourceManager.h */ = {isa = PBXFileReference; fileEncoding = 4; lastKnownFileType = sourcecode.c.h; name = KRiCloudResourceManager.h; path = Classes/KRiCloudResourceManager.h; sourceTree = SOURCE_ROOT; };
		DFC7048C18A259AD00819CC6 /* KRiCloudResourceManager.m */ = {isa = PBXFileReference; fileEncoding = 4; lastKnownFileType = sourcecode.c.objc; name = KRiCloudResourceManager.m; path = Classes/KRiCloudResourceManager.m; sourceTree = SOURCE_ROOT; };
		DFC7048D18A259AD00819CC6 /* KRResourceFilter.h */ = {isa = PBXFileReference; fileEncoding = 4; lastKnownFileType = sourcecode.c.h; name = KRResourceFilter.h; path = Classes/KRResourceFilter.h; sourceTree = SOURCE_ROOT; };
		DFC7048E18A259AD00819CC6 /* KRResourceFilter.m */ = {isa = PBXFileReference; fileEncoding = 4; lastKnownFileType = sourcecode.c.objc; name = KRResourceFilter.m; path = Classes/KRResourceFilter.m; sourceTree = SOURCE_ROOT; };
		DFC7048F18A259AD00819CC6 /* KRResourceProperty.h */ = {isa = PBXFileReference; fileEncoding = 4; lastKnownFileType = sourcecode.c.h; name = KRResourceProperty.h; path = Classes/KRResourceProperty.h; sourceTree = SOURCE_ROOT; };
		DFC7049018A259AD00819CC6 /* KRResourceProperty.m */ = {isa = PBXFileReference; fileEncoding = 4; lastKnownFileType = sourcecode.c.objc; name = KRResourceProperty.m; path = Classes/KRResourceProperty.m; sourceTree = SOURCE_ROOT; };
		DFC7049518A259BD00819CC6 /* CloudSync-Prefix.pch */ = {isa = PBXFileReference; lastKnownFileType = sourcecode.c.h; name = "CloudSync-Prefix.pch"; path = "Classes/CloudSync-Prefix.pch"; sourceTree = SOURCE_ROOT; };
		DFC7049718A25AF400819CC6 /* CloudPreferencesTests.h */ = {isa = PBXFileReference; lastKnownFileType = sourcecode.c.h; path = CloudPreferencesTests.h; sourceTree = "<group>"; };
		DFC7049818A25AF400819CC6 /* CloudPreferencesTests.m */ = {isa = PBXFileReference; lastKnownFileType = sourcecode.c.objc; path = CloudPreferencesTests.m; sourceTree = "<group>"; };
		DFC7049918A25AF400819CC6 /* CloudSyncTests-Info.plist */ = {isa = PBXFileReference; lastKnownFileType = text.plist.xml; path = "CloudSyncTests-Info.plist"; sourceTree = "<group>"; };
		DFC7049A18A25AF400819CC6 /* CloudSyncTests.h */ = {isa = PBXFileReference; lastKnownFileType = sourcecode.c.h; path = CloudSyncTests.h; sourceTree = "<group>"; };
		DFC7049B18A25AF400819CC6 /* CloudSyncTests.m */ = {isa = PBXFileReference; lastKnownFileType = sourcecode.c.objc; path = CloudSyncTests.m; sourceTree = "<group>"; };
		DFC7049D18A25AF400819CC6 /* en */ = {isa = PBXFileReference; lastKnownFileType = text.plist.strings; name = en; path = en.lproj/InfoPlist.strings; sourceTree = "<group>"; };
		DFC7049E18A25AF400819CC6 /* iCloudSyncTests.h */ = {isa = PBXFileReference; lastKnownFileType = sourcecode.c.h; path = iCloudSyncTests.h; sourceTree = "<group>"; };
		DFC7049F18A25AF400819CC6 /* iCloudSyncTests.m */ = {isa = PBXFileReference; lastKnownFileType = sourcecode.c.objc; path = iCloudSyncTests.m; sourceTree = "<group>"; };
		DFC704A018A25AF400819CC6 /* MockCloudFactory.h */ = {isa = PBXFileReference; lastKnownFileType = sourcecode.c.h; path = MockCloudFactory.h; sourceTree = "<group>"; };
		DFC704A118A25AF400819CC6 /* MockCloudFactory.m */ = {isa = PBXFileReference; lastKnownFileType = sourcecode.c.objc; path = MockCloudFactory.m; sourceTree = "<group>"; };
		DFC704A218A25AF400819CC6 /* MockFileService.h */ = {isa = PBXFileReference; lastKnownFileType = sourcecode.c.h; path = MockFileService.h; sourceTree = "<group>"; };
		DFC704A318A25AF400819CC6 /* MockFileService.m */ = {isa = PBXFileReference; lastKnownFileType = sourcecode.c.objc; path = MockFileService.m; sourceTree = "<group>"; };
		DFC704A418A25AF400819CC6 /* MockiCloudService.h */ = {isa = PBXFileReference; lastKnownFileType = sourcecode.c.h; path = MockiCloudService.h; sourceTree = "<group>"; };
		DFC704A518A25AF400819CC6 /* MockiCloudService.m */ = {isa = PBXFileReference; lastKnownFileType = sourcecode.c.objc; path = MockiCloudService.m; sourceTree = "<group>"; };
		DFC704A618A25AF400819CC6 /* ResourceComparerTest.h */ = {isa = PBXFileReference; lastKnownFileType = sourcecode.c.h; path = ResourceComparerTest.h; sourceTree = "<group>"; };
		DFC704A718A25AF400819CC6 /* ResourceComparerTest.m */ = {isa = PBXFileReference; lastKnownFileType = sourcecode.c.objc; path = ResourceComparerTest.m; sourceTree = "<group>"; };
		DFC704A818A25AF400819CC6 /* ResourceFilterTests.h */ = {isa = PBXFileReference; lastKnownFileType = sourcecode.c.h; path = ResourceFilterTests.h; sourceTree = "<group>"; };
		DFC704A918A25AF400819CC6 /* ResourceFilterTests.m */ = {isa = PBXFileReference; lastKnownFileType = sourcecode.c.objc; path = ResourceFilterTests.m; sourceTree = "<group>"; };
		DFC704AA18A25AF400819CC6 /* SynchronizerTests.h */ = {isa = PBXFileReference; lastKnownFileType = sourcecode.c.h; path = SynchronizerTests.h; sourceTree = "<group>"; };
		DFC704AB18A25AF400819CC6 /* SynchronizerTests.m */ = {isa = PBXFileReference; lastKnownFileType = sourcecode.c.objc; path = SynchronizerTests.m; sourceTree = "<group>"; };
		DFC704AC18A25AF400819CC6 /* SyncItemTests.h */ = {isa = PBXFileReference; lastKnownFileType = sourcecode.c.h; path = SyncItemTests.h; sourceTree = "<group>"; };
		DFC704AD18A25AF400819CC6 /* SyncItemTests.m */ = {isa = PBXFileReference; lastKnownFileType = sourcecode.c.objc; path = SyncItemTests.m; sourceTree = "<group>"; };
		DFC704B218A25B4800819CC6 /* CloudSyncTests.xctest */ = {isa = PBXFileReference; explicitFileType = wrapper.cfbundle; includeInIndex = 0; path = CloudSyncTests.xctest; sourceTree = BUILT_PRODUCTS_DIR; };
		DFFE031E162575DD0091DF16 /* libCloudSync.a */ = {isa = PBXFileReference; explicitFileType = archive.ar; includeInIndex = 0; path = libCloudSync.a; sourceTree = BUILT_PRODUCTS_DIR; };
		DFFE0321162575DD0091DF16 /* Foundation.framework */ = {isa = PBXFileReference; lastKnownFileType = wrapper.framework; name = Foundation.framework; path = System/Library/Frameworks/Foundation.framework; sourceTree = SDKROOT; };
		DFFE0332162575DE0091DF16 /* UIKit.framework */ = {isa = PBXFileReference; lastKnownFileType = wrapper.framework; name = UIKit.framework; path = Library/Frameworks/UIKit.framework; sourceTree = DEVELOPER_DIR; };
/* End PBXFileReference section */

/* Begin PBXFrameworksBuildPhase section */
		DFC704AF18A25B4800819CC6 /* Frameworks */ = {
			isa = PBXFrameworksBuildPhase;
			buildActionMask = 2147483647;
			files = (
				DFC704D418A25DC400819CC6 /* libc++.dylib in Frameworks */,
				DFC704D318A25DBD00819CC6 /* QuartzCore.framework in Frameworks */,
				DFC704D218A25DB700819CC6 /* SystemConfiguration.framework in Frameworks */,
				DFC704D118A25DAF00819CC6 /* Security.framework in Frameworks */,
				DFC704D018A25DA200819CC6 /* CFNetwork.framework in Frameworks */,
				DFC704CF18A25D8600819CC6 /* Dropbox.framework in Frameworks */,
				DFC704CE18A25D6D00819CC6 /* libCloudSync.a in Frameworks */,
				DFC704B318A25B4800819CC6 /* XCTest.framework in Frameworks */,
				DFC704B518A25B4800819CC6 /* UIKit.framework in Frameworks */,
				DFC704B418A25B4800819CC6 /* Foundation.framework in Frameworks */,
			);
			runOnlyForDeploymentPostprocessing = 0;
		};
		DFFE031B162575DD0091DF16 /* Frameworks */ = {
			isa = PBXFrameworksBuildPhase;
			buildActionMask = 2147483647;
			files = (
				DFC7045A18A2584C00819CC6 /* Dropbox.framework in Frameworks */,
				DF3D312F1898D6A40039EB1F /* libc++.dylib in Frameworks */,
				DF3D312D1898D6910039EB1F /* QuartzCore.framework in Frameworks */,
				DF3D312B1898D6870039EB1F /* SystemConfiguration.framework in Frameworks */,
				DF3D31291898D67C0039EB1F /* Security.framework in Frameworks */,
				DF3D31271898D6720039EB1F /* CFNetwork.framework in Frameworks */,
				DFFE0322162575DD0091DF16 /* Foundation.framework in Frameworks */,
			);
			runOnlyForDeploymentPostprocessing = 0;
		};
/* End PBXFrameworksBuildPhase section */

/* Begin PBXGroup section */
		DFC7049618A25AF400819CC6 /* CloudSyncTests */ = {
			isa = PBXGroup;
			children = (
				DFC7049718A25AF400819CC6 /* CloudPreferencesTests.h */,
				DFC7049818A25AF400819CC6 /* CloudPreferencesTests.m */,
				DFC7049918A25AF400819CC6 /* CloudSyncTests-Info.plist */,
				DFC7049A18A25AF400819CC6 /* CloudSyncTests.h */,
				DFC7049B18A25AF400819CC6 /* CloudSyncTests.m */,
				DFC7049C18A25AF400819CC6 /* InfoPlist.strings */,
				DFC7049E18A25AF400819CC6 /* iCloudSyncTests.h */,
				DFC7049F18A25AF400819CC6 /* iCloudSyncTests.m */,
				DFC704A018A25AF400819CC6 /* MockCloudFactory.h */,
				DFC704A118A25AF400819CC6 /* MockCloudFactory.m */,
				DFC704A218A25AF400819CC6 /* MockFileService.h */,
				DFC704A318A25AF400819CC6 /* MockFileService.m */,
				DFC704A418A25AF400819CC6 /* MockiCloudService.h */,
				DFC704A518A25AF400819CC6 /* MockiCloudService.m */,
				DFC704A618A25AF400819CC6 /* ResourceComparerTest.h */,
				DFC704A718A25AF400819CC6 /* ResourceComparerTest.m */,
				DFC704A818A25AF400819CC6 /* ResourceFilterTests.h */,
				DFC704A918A25AF400819CC6 /* ResourceFilterTests.m */,
				DFC704AA18A25AF400819CC6 /* SynchronizerTests.h */,
				DFC704AB18A25AF400819CC6 /* SynchronizerTests.m */,
				DFC704AC18A25AF400819CC6 /* SyncItemTests.h */,
				DFC704AD18A25AF400819CC6 /* SyncItemTests.m */,
			);
			path = CloudSyncTests;
			sourceTree = "<group>";
		};
		DFFE0313162575DD0091DF16 = {
			isa = PBXGroup;
			children = (
				DFFE0323162575DD0091DF16 /* CloudSync */,
				DFC7049618A25AF400819CC6 /* CloudSyncTests */,
				DFFE0320162575DD0091DF16 /* Frameworks */,
				DFFE031F162575DD0091DF16 /* Products */,
			);
			sourceTree = "<group>";
		};
		DFFE031F162575DD0091DF16 /* Products */ = {
			isa = PBXGroup;
			children = (
				DFFE031E162575DD0091DF16 /* libCloudSync.a */,
				DFC704B218A25B4800819CC6 /* CloudSyncTests.xctest */,
			);
			name = Products;
			sourceTree = "<group>";
		};
		DFFE0320162575DD0091DF16 /* Frameworks */ = {
			isa = PBXGroup;
			children = (
				DF3D313F189E220B0039EB1F /* XCTest.framework */,
				DF3D312E1898D6A40039EB1F /* libc++.dylib */,
				DF3D312C1898D6910039EB1F /* QuartzCore.framework */,
				DF3D312A1898D6870039EB1F /* SystemConfiguration.framework */,
				DF3D31281898D67C0039EB1F /* Security.framework */,
				DF3D31261898D6720039EB1F /* CFNetwork.framework */,
				DFFE0321162575DD0091DF16 /* Foundation.framework */,
				DFC7045918A2584C00819CC6 /* Dropbox.framework */,
				DFFE0332162575DE0091DF16 /* UIKit.framework */,
				DF99A91016339DC900374D4E /* CoreGraphics.framework */,
			);
			name = Frameworks;
			sourceTree = "<group>";
		};
		DFFE0323162575DD0091DF16 /* CloudSync */ = {
			isa = PBXGroup;
			children = (
				DFC7045B18A2590B00819CC6 /* KRCloudSync.h */,
				DFC7045C18A2590B00819CC6 /* KRCloudSync.m */,
				DFC7045D18A2590B00819CC6 /* KRCloudSyncBlocks.h */,
				DFC7045E18A2590B00819CC6 /* KRResourceComparer.h */,
				DFC7045F18A2590B00819CC6 /* KRResourceComparer.m */,
				DFC7046018A2590B00819CC6 /* KRResourceLoader.h */,
				DFC7046118A2590B00819CC6 /* KRResourceLoader.m */,
				DFC7046218A2590B00819CC6 /* KRSynchronizer.h */,
				DFC7046318A2590B00819CC6 /* KRSynchronizer.m */,
				DFC7046418A2590B00819CC6 /* KRSyncItem.h */,
				DFC7046518A2590B00819CC6 /* KRSyncItem.m */,
				DFFE03641627FB6E0091DF16 /* Service */,
				DFFE035B1627F9F00091DF16 /* Factory */,
				DFFE0381162AD87F0091DF16 /* ConflictResolve */,
				DFC7048918A259AD00819CC6 /* KRCloudPreferences.h */,
				DFC7048A18A259AD00819CC6 /* KRCloudPreferences.m */,
				DFC7048B18A259AD00819CC6 /* KRiCloudResourceManager.h */,
				DFC7048C18A259AD00819CC6 /* KRiCloudResourceManager.m */,
				DFC7048D18A259AD00819CC6 /* KRResourceFilter.h */,
				DFC7048E18A259AD00819CC6 /* KRResourceFilter.m */,
				DFC7048F18A259AD00819CC6 /* KRResourceProperty.h */,
				DFC7049018A259AD00819CC6 /* KRResourceProperty.m */,
				DFFE0324162575DD0091DF16 /* Supporting Files */,
			);
			path = CloudSync;
			sourceTree = "<group>";
		};
		DFFE0324162575DD0091DF16 /* Supporting Files */ = {
			isa = PBXGroup;
			children = (
				DFC7049518A259BD00819CC6 /* CloudSync-Prefix.pch */,
			);
			name = "Supporting Files";
			sourceTree = "<group>";
		};
		DFFE035B1627F9F00091DF16 /* Factory */ = {
			isa = PBXGroup;
			children = (
				DFC7047D18A2596C00819CC6 /* KRCloudFactory.h */,
				DFC7047E18A2596C00819CC6 /* KRCloudFactory.m */,
				DFC7047F18A2596C00819CC6 /* KRDropboxFactory.h */,
				DFC7048018A2596C00819CC6 /* KRDropboxFactory.m */,
				DFC7048118A2596C00819CC6 /* KRiCloudFactory.h */,
				DFC7048218A2596C00819CC6 /* KRiCloudFactory.m */,
			);
			name = Factory;
			sourceTree = "<group>";
		};
		DFFE03641627FB6E0091DF16 /* Service */ = {
			isa = PBXGroup;
			children = (
				DFC7046B18A2594A00819CC6 /* KRCloudService.h */,
				DFC7046C18A2594A00819CC6 /* KRCloudService.m */,
				DFC7046D18A2594A00819CC6 /* KRDropboxService.h */,
				DFC7046E18A2594A00819CC6 /* KRDropboxService.m */,
				DFC7046F18A2594A00819CC6 /* KRFileService.h */,
				DFC7047018A2594A00819CC6 /* KRFileService.m */,
				DFC7047118A2594A00819CC6 /* KRiCloud.h */,
				DFC7047218A2594A00819CC6 /* KRiCloud.m */,
				DFC7047318A2594A00819CC6 /* KRiCloudService.h */,
				DFC7047418A2594A00819CC6 /* KRiCloudService.m */,
				DFC7047518A2594A00819CC6 /* KRLocalFileService.h */,
				DFC7047618A2594A00819CC6 /* KRLocalFileService.m */,
			);
			name = Service;
			sourceTree = "<group>";
		};
		DFFE0381162AD87F0091DF16 /* ConflictResolve */ = {
			isa = PBXGroup;
			children = (
				DFC7048618A2597E00819CC6 /* KRConflictResolver.h */,
				DFC7048718A2597E00819CC6 /* KRConflictResolver.m */,
			);
			name = ConflictResolve;
			sourceTree = "<group>";
		};
/* End PBXGroup section */

/* Begin PBXNativeTarget section */
		DFC704B118A25B4800819CC6 /* CloudSyncTests */ = {
			isa = PBXNativeTarget;
			buildConfigurationList = DFC704C118A25B4800819CC6 /* Build configuration list for PBXNativeTarget "CloudSyncTests" */;
			buildPhases = (
				DFC704AE18A25B4800819CC6 /* Sources */,
				DFC704AF18A25B4800819CC6 /* Frameworks */,
				DFC704B018A25B4800819CC6 /* Resources */,
			);
			buildRules = (
			);
			dependencies = (
				DFC704C018A25B4800819CC6 /* PBXTargetDependency */,
			);
			name = CloudSyncTests;
			productName = CloudSyncTests;
			productReference = DFC704B218A25B4800819CC6 /* CloudSyncTests.xctest */;
			productType = "com.apple.product-type.bundle.unit-test";
		};
		DFFE031D162575DD0091DF16 /* CloudSync */ = {
			isa = PBXNativeTarget;
			buildConfigurationList = DFFE0343162575DE0091DF16 /* Build configuration list for PBXNativeTarget "CloudSync" */;
			buildPhases = (
				DFFE031A162575DD0091DF16 /* Sources */,
				DFFE031B162575DD0091DF16 /* Frameworks */,
				DFFE031C162575DD0091DF16 /* CopyFiles */,
			);
			buildRules = (
			);
			dependencies = (
			);
			name = CloudSync;
			productName = CloudSync;
			productReference = DFFE031E162575DD0091DF16 /* libCloudSync.a */;
			productType = "com.apple.product-type.library.static";
		};
/* End PBXNativeTarget section */

/* Begin PBXProject section */
		DFFE0315162575DD0091DF16 /* Project object */ = {
			isa = PBXProject;
			attributes = {
				LastUpgradeCheck = 0450;
				ORGANIZATIONNAME = allting;
				TargetAttributes = {
					DFC704B118A25B4800819CC6 = {
						TestTargetID = DFFE031D162575DD0091DF16;
					};
				};
			};
			buildConfigurationList = DFFE0318162575DD0091DF16 /* Build configuration list for PBXProject "CloudSync" */;
			compatibilityVersion = "Xcode 3.2";
			developmentRegion = English;
			hasScannedForEncodings = 0;
			knownRegions = (
				en,
				Base,
			);
			mainGroup = DFFE0313162575DD0091DF16;
			productRefGroup = DFFE031F162575DD0091DF16 /* Products */;
			projectDirPath = "";
			projectRoot = "";
			targets = (
				DFFE031D162575DD0091DF16 /* CloudSync */,
				DFC704B118A25B4800819CC6 /* CloudSyncTests */,
			);
		};
/* End PBXProject section */

/* Begin PBXResourcesBuildPhase section */
		DFC704B018A25B4800819CC6 /* Resources */ = {
			isa = PBXResourcesBuildPhase;
			buildActionMask = 2147483647;
			files = (
			);
			runOnlyForDeploymentPostprocessing = 0;
		};
/* End PBXResourcesBuildPhase section */

/* Begin PBXSourcesBuildPhase section */
		DFC704AE18A25B4800819CC6 /* Sources */ = {
			isa = PBXSourcesBuildPhase;
			buildActionMask = 2147483647;
			files = (
				DFC704C418A25C4400819CC6 /* CloudPreferencesTests.m in Sources */,
				DFC704C518A25C4400819CC6 /* CloudSyncTests.m in Sources */,
				DFC704C618A25C4400819CC6 /* iCloudSyncTests.m in Sources */,
				DFC704C718A25C4400819CC6 /* MockCloudFactory.m in Sources */,
				DFC704C818A25C4400819CC6 /* MockFileService.m in Sources */,
				DFC704C918A25C4400819CC6 /* MockiCloudService.m in Sources */,
				DFC704CA18A25C4400819CC6 /* ResourceComparerTest.m in Sources */,
				DFC704CB18A25C4400819CC6 /* ResourceFilterTests.m in Sources */,
				DFC704CC18A25C4400819CC6 /* SynchronizerTests.m in Sources */,
				DFC704CD18A25C4400819CC6 /* SyncItemTests.m in Sources */,
			);
			runOnlyForDeploymentPostprocessing = 0;
		};
		DFFE031A162575DD0091DF16 /* Sources */ = {
			isa = PBXSourcesBuildPhase;
			buildActionMask = 2147483647;
			files = (
				DFC7047B18A2594A00819CC6 /* KRiCloudService.m in Sources */,
				DFC7047818A2594A00819CC6 /* KRDropboxService.m in Sources */,
				DFC7049118A259AD00819CC6 /* KRCloudPreferences.m in Sources */,
				DFC7046618A2590B00819CC6 /* KRCloudSync.m in Sources */,
				DFC7046718A2590B00819CC6 /* KRResourceComparer.m in Sources */,
				DFC7047718A2594A00819CC6 /* KRCloudService.m in Sources */,
				DFC7048818A2597E00819CC6 /* KRConflictResolver.m in Sources */,
				DFC7046918A2590B00819CC6 /* KRSynchronizer.m in Sources */,
				DFC7046A18A2590B00819CC6 /* KRSyncItem.m in Sources */,
				DFC7049318A259AD00819CC6 /* KRResourceFilter.m in Sources */,
				DFC7049218A259AD00819CC6 /* KRiCloudResourceManager.m in Sources */,
				DFC7047918A2594A00819CC6 /* KRFileService.m in Sources */,
				DFC7046818A2590B00819CC6 /* KRResourceLoader.m in Sources */,
				DFC7048318A2596C00819CC6 /* KRCloudFactory.m in Sources */,
				DFC7048418A2596C00819CC6 /* KRDropboxFactory.m in Sources */,
				DFC7049418A259AD00819CC6 /* KRResourceProperty.m in Sources */,
				DFC7047C18A2594A00819CC6 /* KRLocalFileService.m in Sources */,
				DFC7047A18A2594A00819CC6 /* KRiCloud.m in Sources */,
				DFC7048518A2596C00819CC6 /* KRiCloudFactory.m in Sources */,
			);
			runOnlyForDeploymentPostprocessing = 0;
		};
/* End PBXSourcesBuildPhase section */

/* Begin PBXTargetDependency section */
		DFC704C018A25B4800819CC6 /* PBXTargetDependency */ = {
			isa = PBXTargetDependency;
			target = DFFE031D162575DD0091DF16 /* CloudSync */;
			targetProxy = DFC704BF18A25B4800819CC6 /* PBXContainerItemProxy */;
		};
/* End PBXTargetDependency section */

/* Begin PBXVariantGroup section */
		DFC7049C18A25AF400819CC6 /* InfoPlist.strings */ = {
			isa = PBXVariantGroup;
			children = (
				DFC7049D18A25AF400819CC6 /* en */,
			);
			name = InfoPlist.strings;
			sourceTree = "<group>";
		};
/* End PBXVariantGroup section */

/* Begin XCBuildConfiguration section */
		DFC704C218A25B4800819CC6 /* Debug */ = {
			isa = XCBuildConfiguration;
			buildSettings = {
				ARCHS = "$(ARCHS_STANDARD_INCLUDING_64_BIT)";
				CLANG_ENABLE_MODULES = YES;
				CLANG_WARN_BOOL_CONVERSION = YES;
				CLANG_WARN_CONSTANT_CONVERSION = YES;
				CLANG_WARN_DIRECT_OBJC_ISA_USAGE = YES_ERROR;
				CLANG_WARN_ENUM_CONVERSION = YES;
				CLANG_WARN_INT_CONVERSION = YES;
				CLANG_WARN_OBJC_ROOT_CLASS = YES_ERROR;
				FRAMEWORK_SEARCH_PATHS = (
					"$(SDKROOT)/Developer/Library/Frameworks",
					"$(inherited)",
					"$(DEVELOPER_FRAMEWORKS_DIR)",
					/Users/allting/workspace/projects/pods/KRCloudSync/Frameworks,
				);
				GCC_PRECOMPILE_PREFIX_HEADER = YES;
				GCC_PREFIX_HEADER = "CloudSyncTests/CloudSyncTests-Prefix.pch";
				GCC_PREPROCESSOR_DEFINITIONS = (
					"DEBUG=1",
					"$(inherited)",
				);
				GCC_WARN_64_TO_32_BIT_CONVERSION = YES;
				GCC_WARN_ABOUT_RETURN_TYPE = YES_ERROR;
				GCC_WARN_UNDECLARED_SELECTOR = YES;
				GCC_WARN_UNUSED_FUNCTION = YES;
				INFOPLIST_FILE = "CloudSyncTests/CloudSyncTests-Info.plist";
				IPHONEOS_DEPLOYMENT_TARGET = 7.0;
				PRODUCT_NAME = "$(TARGET_NAME)";
				WRAPPER_EXTENSION = xctest;
			};
			name = Debug;
		};
		DFC704C318A25B4800819CC6 /* Release */ = {
			isa = XCBuildConfiguration;
			buildSettings = {
				ARCHS = "$(ARCHS_STANDARD_INCLUDING_64_BIT)";
				CLANG_ENABLE_MODULES = YES;
				CLANG_WARN_BOOL_CONVERSION = YES;
				CLANG_WARN_CONSTANT_CONVERSION = YES;
				CLANG_WARN_DIRECT_OBJC_ISA_USAGE = YES_ERROR;
				CLANG_WARN_ENUM_CONVERSION = YES;
				CLANG_WARN_INT_CONVERSION = YES;
				CLANG_WARN_OBJC_ROOT_CLASS = YES_ERROR;
				ENABLE_NS_ASSERTIONS = NO;
				FRAMEWORK_SEARCH_PATHS = (
					"$(SDKROOT)/Developer/Library/Frameworks",
					"$(inherited)",
					"$(DEVELOPER_FRAMEWORKS_DIR)",
					/Users/allting/workspace/projects/pods/KRCloudSync/Frameworks,
				);
				GCC_PRECOMPILE_PREFIX_HEADER = YES;
				GCC_PREFIX_HEADER = "CloudSyncTests/CloudSyncTests-Prefix.pch";
				GCC_WARN_64_TO_32_BIT_CONVERSION = YES;
				GCC_WARN_ABOUT_RETURN_TYPE = YES_ERROR;
				GCC_WARN_UNDECLARED_SELECTOR = YES;
				GCC_WARN_UNUSED_FUNCTION = YES;
				INFOPLIST_FILE = "CloudSyncTests/CloudSyncTests-Info.plist";
				IPHONEOS_DEPLOYMENT_TARGET = 7.0;
				PRODUCT_NAME = "$(TARGET_NAME)";
				WRAPPER_EXTENSION = xctest;
			};
			name = Release;
		};
		DFFE0341162575DE0091DF16 /* Debug */ = {
			isa = XCBuildConfiguration;
			buildSettings = {
				ALWAYS_SEARCH_USER_PATHS = NO;
				CLANG_CXX_LANGUAGE_STANDARD = "gnu++0x";
				CLANG_CXX_LIBRARY = "libc++";
				CLANG_ENABLE_OBJC_ARC = YES;
				CLANG_WARN_EMPTY_BODY = YES;
				CLANG_WARN__DUPLICATE_METHOD_MATCH = YES;
				CODE_SIGN_IDENTITY = "";
				COPY_PHASE_STRIP = NO;
				GCC_C_LANGUAGE_STANDARD = gnu99;
				GCC_DYNAMIC_NO_PIC = NO;
				GCC_OPTIMIZATION_LEVEL = 0;
				GCC_PREPROCESSOR_DEFINITIONS = (
					"DEBUG=1",
					"$(inherited)",
				);
				GCC_SYMBOLS_PRIVATE_EXTERN = NO;
				GCC_WARN_ABOUT_RETURN_TYPE = YES;
				GCC_WARN_UNINITIALIZED_AUTOS = YES;
				GCC_WARN_UNUSED_VARIABLE = YES;
				HEADER_SEARCH_PATHS = (
					"$(inherited)/**",
					"/Applications/Xcode.app/Contents/Developer/Toolchains/XcodeDefault.xctoolchain/usr/include/**",
				);
				IPHONEOS_DEPLOYMENT_TARGET = 5.0;
				ONLY_ACTIVE_ARCH = YES;
				SDKROOT = iphoneos;
			};
			name = Debug;
		};
		DFFE0342162575DE0091DF16 /* Release */ = {
			isa = XCBuildConfiguration;
			buildSettings = {
				ALWAYS_SEARCH_USER_PATHS = NO;
				CLANG_CXX_LANGUAGE_STANDARD = "gnu++0x";
				CLANG_CXX_LIBRARY = "libc++";
				CLANG_ENABLE_OBJC_ARC = YES;
				CLANG_WARN_EMPTY_BODY = YES;
				CLANG_WARN__DUPLICATE_METHOD_MATCH = YES;
				CODE_SIGN_IDENTITY = "";
				COPY_PHASE_STRIP = YES;
				GCC_C_LANGUAGE_STANDARD = gnu99;
				GCC_WARN_ABOUT_RETURN_TYPE = YES;
				GCC_WARN_UNINITIALIZED_AUTOS = YES;
				GCC_WARN_UNUSED_VARIABLE = YES;
				HEADER_SEARCH_PATHS = (
					"$(inherited)/**",
					"/Applications/Xcode.app/Contents/Developer/Toolchains/XcodeDefault.xctoolchain/usr/include/**",
				);
				IPHONEOS_DEPLOYMENT_TARGET = 5.0;
				SDKROOT = iphoneos;
				VALIDATE_PRODUCT = YES;
			};
			name = Release;
		};
		DFFE0344162575DE0091DF16 /* Debug */ = {
			isa = XCBuildConfiguration;
			buildSettings = {
				DSTROOT = /tmp/CloudSync.dst;
				FRAMEWORK_SEARCH_PATHS = (
					"$(inherited)",
					/Users/allting/workspace/projects/pods/KRCloudSync/Frameworks,
				);
				GCC_PRECOMPILE_PREFIX_HEADER = YES;
				GCC_PREFIX_HEADER = "Classes/CloudSync-Prefix.pch";
				IPHONEOS_DEPLOYMENT_TARGET = 5.0;
				ONLY_ACTIVE_ARCH = NO;
				OTHER_LDFLAGS = "-ObjC";
				PRODUCT_NAME = "$(TARGET_NAME)";
				SKIP_INSTALL = YES;
			};
			name = Debug;
		};
		DFFE0345162575DE0091DF16 /* Release */ = {
			isa = XCBuildConfiguration;
			buildSettings = {
				DSTROOT = /tmp/CloudSync.dst;
				FRAMEWORK_SEARCH_PATHS = (
					"$(inherited)",
					/Users/allting/workspace/projects/pods/KRCloudSync/Frameworks,
				);
				GCC_PRECOMPILE_PREFIX_HEADER = YES;
				GCC_PREFIX_HEADER = "Classes/CloudSync-Prefix.pch";
				IPHONEOS_DEPLOYMENT_TARGET = 5.0;
				OTHER_LDFLAGS = "-ObjC";
				PRODUCT_NAME = "$(TARGET_NAME)";
				SKIP_INSTALL = YES;
			};
			name = Release;
		};
/* End XCBuildConfiguration section */

/* Begin XCConfigurationList section */
		DFC704C118A25B4800819CC6 /* Build configuration list for PBXNativeTarget "CloudSyncTests" */ = {
			isa = XCConfigurationList;
			buildConfigurations = (
				DFC704C218A25B4800819CC6 /* Debug */,
				DFC704C318A25B4800819CC6 /* Release */,
			);
			defaultConfigurationIsVisible = 0;
			defaultConfigurationName = Release;
		};
		DFFE0318162575DD0091DF16 /* Build configuration list for PBXProject "CloudSync" */ = {
			isa = XCConfigurationList;
			buildConfigurations = (
				DFFE0341162575DE0091DF16 /* Debug */,
				DFFE0342162575DE0091DF16 /* Release */,
			);
			defaultConfigurationIsVisible = 0;
			defaultConfigurationName = Release;
		};
		DFFE0343162575DE0091DF16 /* Build configuration list for PBXNativeTarget "CloudSync" */ = {
			isa = XCConfigurationList;
			buildConfigurations = (
				DFFE0344162575DE0091DF16 /* Debug */,
				DFFE0345162575DE0091DF16 /* Release */,
			);
			defaultConfigurationIsVisible = 0;
			defaultConfigurationName = Release;
		};
/* End XCConfigurationList section */
	};
	rootObject = DFFE0315162575DD0091DF16 /* Project object */;
}
